{
  "requires": true,
  "lockfileVersion": 1,
  "dependencies": {
    "@waaark/luge": {
      "version": "0.6.3-beta",
      "resolved": "https://registry.npmjs.org/@waaark/luge/-/luge-0.6.3-beta.tgz",
      "integrity": "sha512-Ee0s0AyJkAF84l3haVlsR8W+1yDp4DuO2z63vX40sHwne8RRVLpe4n+pWtuJPEa7ShLPZdz+qOvOKzUTY46osQ==",
      "requires": {
        "bowser": "^2.11.0",
        "whatwg-fetch": "^3.6.2"
      }
    },
    "bowser": {
      "version": "2.11.0",
      "resolved": "https://registry.npmjs.org/bowser/-/bowser-2.11.0.tgz",
      "integrity": "sha512-AlcaJBi/pqqJBIQ8U9Mcpc9i8Aqxn88Skv5d+xBX006BY5u8N3mGLHa5Lgppa7L/HfwgwLgZ6NYs+Ag6uUmJRA=="
    },
    "whatwg-fetch": {
      "version": "3.6.2",
      "resolved": "https://registry.npmjs.org/whatwg-fetch/-/whatwg-fetch-3.6.2.tgz",
      "integrity": "sha512-bJlen0FcuU/0EMLrdbJ7zOnW6ITZLrZMIarMUVmdKtsGvZna8vxKYaexICWPfZ8qwf9fzNq+UEIZrnSaApt6RA=="
    }
  }
}
